
Microsoft Visual Studio Solution File, Format Version 12.00
# Visual Studio Version 17
VisualStudioVersion = 17.0.31903.59
MinimumVisualStudioVersion = 10.0.40219.1
Project("{2150E333-8FDC-42A3-9474-1A3956D46DE8}") = "src", "src", "{827E0CD3-B72D-47B6-A68D-7590B98EB39B}"
EndProject
Project("{FAE04EC0-301F-11D3-BF4B-00C04F79EFBC}") = "TPVOne", "src\TPVOne\TPVOne.csproj", "{2153B174-DEA9-4DE4-AE10-91A99083FA1A}"
EndProject
Project("{FAE04EC0-301F-11D3-BF4B-00C04F79EFBC}") = "TPVOne.LegacyAccess.Core", "src\TPVOne.LegacyAccess.Core\TPVOne.LegacyAccess.Core.csproj", "{DE617B01-0C5B-4B6F-81A4-2E7871C8FF62}"
EndProject
Project("{FAE04EC0-301F-11D3-BF4B-00C04F79EFBC}") = "TPVOne.LegacyAccessImporter", "src\TPVOne.LegacyAccessImporter\TPVOne.LegacyAccessImporter.csproj", "{E65F1C5C-E9EE-4A05-B6F3-062CD7687B3D}"
EndProject
Project("{2150E333-8FDC-42A3-9474-1A3956D46DE8}") = "tests", "tests", "{0AB3BF05-4346-4AA6-1389-037BE0695223}"
EndProject
Project("{FAE04EC0-301F-11D3-BF4B-00C04F79EFBC}") = "TPVOne.Tests", "tests\TPVOne.Tests\TPVOne.Tests.csproj", "{E7263A38-865C-4EA9-92FE-53B567DA4BB2}"
EndProject
Global
	GlobalSection(SolutionConfigurationPlatforms) = preSolution
		Debug|Any CPU = Debug|Any CPU
		Debug|x64 = Debug|x64
		Debug|x86 = Debug|x86
		Release|Any CPU = Release|Any CPU
		Release|x64 = Release|x64
		Release|x86 = Release|x86
	EndGlobalSection
	GlobalSection(ProjectConfigurationPlatforms) = postSolution
		{2153B174-DEA9-4DE4-AE10-91A99083FA1A}.Debug|Any CPU.ActiveCfg = Debug|Any CPU
		{2153B174-DEA9-4DE4-AE10-91A99083FA1A}.Debug|Any CPU.Build.0 = Debug|Any CPU
		{2153B174-DEA9-4DE4-AE10-91A99083FA1A}.Debug|x64.ActiveCfg = Debug|Any CPU
		{2153B174-DEA9-4DE4-AE10-91A99083FA1A}.Debug|x64.Build.0 = Debug|Any CPU
		{2153B174-DEA9-4DE4-AE10-91A99083FA1A}.Debug|x86.ActiveCfg = Debug|Any CPU
		{2153B174-DEA9-4DE4-AE10-91A99083FA1A}.Debug|x86.Build.0 = Debug|Any CPU
		{2153B174-DEA9-4DE4-AE10-91A99083FA1A}.Release|Any CPU.ActiveCfg = Release|Any CPU
		{2153B174-DEA9-4DE4-AE10-91A99083FA1A}.Release|Any CPU.Build.0 = Release|Any CPU
		{2153B174-DEA9-4DE4-AE10-91A99083FA1A}.Release|x64.ActiveCfg = Release|Any CPU
		{2153B174-DEA9-4DE4-AE10-91A99083FA1A}.Release|x64.Build.0 = Release|Any CPU
		{2153B174-DEA9-4DE4-AE10-91A99083FA1A}.Release|x86.ActiveCfg = Release|Any CPU
		{2153B174-DEA9-4DE4-AE10-91A99083FA1A}.Release|x86.Build.0 = Release|Any CPU
		{DE617B01-0C5B-4B6F-81A4-2E7871C8FF62}.Debug|Any CPU.ActiveCfg = Debug|Any CPU
		{DE617B01-0C5B-4B6F-81A4-2E7871C8FF62}.Debug|Any CPU.Build.0 = Debug|Any CPU
		{DE617B01-0C5B-4B6F-81A4-2E7871C8FF62}.Debug|x64.ActiveCfg = Debug|Any CPU
		{DE617B01-0C5B-4B6F-81A4-2E7871C8FF62}.Debug|x64.Build.0 = Debug|Any CPU
		{DE617B01-0C5B-4B6F-81A4-2E7871C8FF62}.Debug|x86.ActiveCfg = Debug|Any CPU
		{DE617B01-0C5B-4B6F-81A4-2E7871C8FF62}.Debug|x86.Build.0 = Debug|Any CPU
		{DE617B01-0C5B-4B6F-81A4-2E7871C8FF62}.Release|Any CPU.ActiveCfg = Release|Any CPU
		{DE617B01-0C5B-4B6F-81A4-2E7871C8FF62}.Release|Any CPU.Build.0 = Release|Any CPU
		{DE617B01-0C5B-4B6F-81A4-2E7871C8FF62}.Release|x64.ActiveCfg = Release|Any CPU
		{DE617B01-0C5B-4B6F-81A4-2E7871C8FF62}.Release|x64.Build.0 = Release|Any CPU
		{DE617B01-0C5B-4B6F-81A4-2E7871C8FF62}.Release|x86.ActiveCfg = Release|Any CPU
		{DE617B01-0C5B-4B6F-81A4-2E7871C8FF62}.Release|x86.Build.0 = Release|Any CPU
		{E65F1C5C-E9EE-4A05-B6F3-062CD7687B3D}.Debug|Any CPU.ActiveCfg = Debug|Any CPU
		{E65F1C5C-E9EE-4A05-B6F3-062CD7687B3D}.Debug|Any CPU.Build.0 = Debug|Any CPU
		{E65F1C5C-E9EE-4A05-B6F3-062CD7687B3D}.Debug|x64.ActiveCfg = Debug|Any CPU
		{E65F1C5C-E9EE-4A05-B6F3-062CD7687B3D}.Debug|x64.Build.0 = Debug|Any CPU
		{E65F1C5C-E9EE-4A05-B6F3-062CD7687B3D}.Debug|x86.ActiveCfg = Debug|Any CPU
		{E65F1C5C-E9EE-4A05-B6F3-062CD7687B3D}.Debug|x86.Build.0 = Debug|Any CPU
		{E65F1C5C-E9EE-4A05-B6F3-062CD7687B3D}.Release|Any CPU.ActiveCfg = Release|Any CPU
		{E65F1C5C-E9EE-4A05-B6F3-062CD7687B3D}.Release|Any CPU.Build.0 = Release|Any CPU
		{E65F1C5C-E9EE-4A05-B6F3-062CD7687B3D}.Release|x64.ActiveCfg = Release|Any CPU
		{E65F1C5C-E9EE-4A05-B6F3-062CD7687B3D}.Release|x64.Build.0 = Release|Any CPU
		{E65F1C5C-E9EE-4A05-B6F3-062CD7687B3D}.Release|x86.ActiveCfg = Release|Any CPU
		{E65F1C5C-E9EE-4A05-B6F3-062CD7687B3D}.Release|x86.Build.0 = Release|Any CPU
		{E7263A38-865C-4EA9-92FE-53B567DA4BB2}.Debug|Any CPU.ActiveCfg = Debug|Any CPU
		{E7263A38-865C-4EA9-92FE-53B567DA4BB2}.Debug|Any CPU.Build.0 = Debug|Any CPU
		{E7263A38-865C-4EA9-92FE-53B567DA4BB2}.Debug|x64.ActiveCfg = Debug|Any CPU
		{E7263A38-865C-4EA9-92FE-53B567DA4BB2}.Debug|x64.Build.0 = Debug|Any CPU
		{E7263A38-865C-4EA9-92FE-53B567DA4BB2}.Debug|x86.ActiveCfg = Debug|Any CPU
		{E7263A38-865C-4EA9-92FE-53B567DA4BB2}.Debug|x86.Build.0 = Debug|Any CPU
		{E7263A38-865C-4EA9-92FE-53B567DA4BB2}.Release|Any CPU.ActiveCfg = Release|Any CPU
		{E7263A38-865C-4EA9-92FE-53B567DA4BB2}.Release|Any CPU.Build.0 = Release|Any CPU
		{E7263A38-865C-4EA9-92FE-53B567DA4BB2}.Release|x64.ActiveCfg = Release|Any CPU
		{E7263A38-865C-4EA9-92FE-53B567DA4BB2}.Release|x64.Build.0 = Release|Any CPU
		{E7263A38-865C-4EA9-92FE-53B567DA4BB2}.Release|x86.ActiveCfg = Release|Any CPU
		{E7263A38-865C-4EA9-92FE-53B567DA4BB2}.Release|x86.Build.0 = Release|Any CPU
	EndGlobalSection
	GlobalSection(SolutionProperties) = preSolution
		HideSolutionNode = FALSE
	EndGlobalSection
	GlobalSection(NestedProjects) = preSolution
		{2153B174-DEA9-4DE4-AE10-91A99083FA1A} = {827E0CD3-B72D-47B6-A68D-7590B98EB39B}
		{DE617B01-0C5B-4B6F-81A4-2E7871C8FF62} = {827E0CD3-B72D-47B6-A68D-7590B98EB39B}
		{E65F1C5C-E9EE-4A05-B6F3-062CD7687B3D} = {827E0CD3-B72D-47B6-A68D-7590B98EB39B}
		{E7263A38-865C-4EA9-92FE-53B567DA4BB2} = {0AB3BF05-4346-4AA6-1389-037BE0695223}
	EndGlobalSection
EndGlobal
